
Microsoft Visual Studio Solution File, Format Version 12.00
# Visual Studio Version 16
VisualStudioVersion = 16.0.31702.278
MinimumVisualStudioVersion = 10.0.40219.1
Project("{FAE04EC0-301F-11D3-BF4B-00C04F79EFBC}") = "ApliWeb", "ApliWeb.csproj", "{0391DEDF-1820-437A-8C3B-E42852791B85}"
EndProject
Global
	GlobalSection(SolutionConfigurationPlatforms) = preSolution
		Debug|Any CPU = Debug|Any CPU
		Release|Any CPU = Release|Any CPU
	EndGlobalSection
	GlobalSection(ProjectConfigurationPlatforms) = postSolution
		{0391DEDF-1820-437A-8C3B-E42852791B85}.Debug|Any CPU.ActiveCfg = Debug|Any CPU
		{0391DEDF-1820-437A-8C3B-E42852791B85}.Debug|Any CPU.Build.0 = Debug|Any CPU
		{0391DEDF-1820-437A-8C3B-E42852791B85}.Release|Any CPU.ActiveCfg = Release|Any CPU
		{0391DEDF-1820-437A-8C3B-E42852791B85}.Release|Any CPU.Build.0 = Release|Any CPU
	EndGlobalSection
	GlobalSection(SolutionProperties) = preSolution
		HideSolutionNode = FALSE
	EndGlobalSection
	GlobalSection(ExtensibilityGlobals) = postSolution
		SolutionGuid = {AFC2C610-4D27-4A1A-83C7-21EF3F319937}
	EndGlobalSection
EndGlobal
