
Microsoft Visual Studio Solution File, Format Version 12.00
# Visual Studio Version 16
VisualStudioVersion = 16.0.31702.278
MinimumVisualStudioVersion = 10.0.40219.1
Project("{FAE04EC0-301F-11D3-BF4B-00C04F79EFBC}") = "CapaDatos", "CapaDatos\CapaDatos.csproj", "{F68E57A5-AEEF-4676-AA17-A496B9504931}"
EndProject
Project("{FAE04EC0-301F-11D3-BF4B-00C04F79EFBC}") = "CapaNegocio", "CapaNegocio\CapaNegocio.csproj", "{7750464D-2105-48EF-85AE-CDE7B3752753}"
EndProject
Project("{FAE04EC0-301F-11D3-BF4B-00C04F79EFBC}") = "CapaPresentacion", "CapaPresentacion\CapaPresentacion.csproj", "{33B7B1BB-A1AE-4881-9C87-128AAED1555E}"
EndProject
Global
	GlobalSection(SolutionConfigurationPlatforms) = preSolution
		Debug|Any CPU = Debug|Any CPU
		Release|Any CPU = Release|Any CPU
	EndGlobalSection
	GlobalSection(ProjectConfigurationPlatforms) = postSolution
		{F68E57A5-AEEF-4676-AA17-A496B9504931}.Debug|Any CPU.ActiveCfg = Debug|Any CPU
		{F68E57A5-AEEF-4676-AA17-A496B9504931}.Debug|Any CPU.Build.0 = Debug|Any CPU
		{F68E57A5-AEEF-4676-AA17-A496B9504931}.Release|Any CPU.ActiveCfg = Release|Any CPU
		{F68E57A5-AEEF-4676-AA17-A496B9504931}.Release|Any CPU.Build.0 = Release|Any CPU
		{7750464D-2105-48EF-85AE-CDE7B3752753}.Debug|Any CPU.ActiveCfg = Debug|Any CPU
		{7750464D-2105-48EF-85AE-CDE7B3752753}.Debug|Any CPU.Build.0 = Debug|Any CPU
		{7750464D-2105-48EF-85AE-CDE7B3752753}.Release|Any CPU.ActiveCfg = Release|Any CPU
		{7750464D-2105-48EF-85AE-CDE7B3752753}.Release|Any CPU.Build.0 = Release|Any CPU
		{33B7B1BB-A1AE-4881-9C87-128AAED1555E}.Debug|Any CPU.ActiveCfg = Debug|Any CPU
		{33B7B1BB-A1AE-4881-9C87-128AAED1555E}.Debug|Any CPU.Build.0 = Debug|Any CPU
		{33B7B1BB-A1AE-4881-9C87-128AAED1555E}.Release|Any CPU.ActiveCfg = Release|Any CPU
		{33B7B1BB-A1AE-4881-9C87-128AAED1555E}.Release|Any CPU.Build.0 = Release|Any CPU
	EndGlobalSection
	GlobalSection(SolutionProperties) = preSolution
		HideSolutionNode = FALSE
	EndGlobalSection
	GlobalSection(ExtensibilityGlobals) = postSolution
		SolutionGuid = {3A30DCF2-EC40-4CCF-8786-FDCE68D44E44}
	EndGlobalSection
EndGlobal
