
Microsoft Visual Studio Solution File, Format Version 12.00
# Visual Studio Version 16
VisualStudioVersion = 16.0.31702.278
MinimumVisualStudioVersion = 10.0.40219.1
Project("{FAE04EC0-301F-11D3-BF4B-00C04F79EFBC}") = "Presentacion", "Presentacion\Presentacion.csproj", "{410289C1-EA2B-44C7-9A37-99BA99C95350}"
EndProject
Project("{FAE04EC0-301F-11D3-BF4B-00C04F79EFBC}") = "DataAccesss", "DataAccesss\DataAccesss.csproj", "{484AD38A-77B7-42B3-9795-11AFE35F6A58}"
EndProject
Project("{FAE04EC0-301F-11D3-BF4B-00C04F79EFBC}") = "Domain", "Domain\Domain.csproj", "{A5220233-7460-4E79-AE5E-2C2DB02B1C4D}"
EndProject
Global
	GlobalSection(SolutionConfigurationPlatforms) = preSolution
		Debug|Any CPU = Debug|Any CPU
		Release|Any CPU = Release|Any CPU
	EndGlobalSection
	GlobalSection(ProjectConfigurationPlatforms) = postSolution
		{410289C1-EA2B-44C7-9A37-99BA99C95350}.Debug|Any CPU.ActiveCfg = Debug|Any CPU
		{410289C1-EA2B-44C7-9A37-99BA99C95350}.Debug|Any CPU.Build.0 = Debug|Any CPU
		{410289C1-EA2B-44C7-9A37-99BA99C95350}.Release|Any CPU.ActiveCfg = Release|Any CPU
		{410289C1-EA2B-44C7-9A37-99BA99C95350}.Release|Any CPU.Build.0 = Release|Any CPU
		{484AD38A-77B7-42B3-9795-11AFE35F6A58}.Debug|Any CPU.ActiveCfg = Debug|Any CPU
		{484AD38A-77B7-42B3-9795-11AFE35F6A58}.Debug|Any CPU.Build.0 = Debug|Any CPU
		{484AD38A-77B7-42B3-9795-11AFE35F6A58}.Release|Any CPU.ActiveCfg = Release|Any CPU
		{484AD38A-77B7-42B3-9795-11AFE35F6A58}.Release|Any CPU.Build.0 = Release|Any CPU
		{A5220233-7460-4E79-AE5E-2C2DB02B1C4D}.Debug|Any CPU.ActiveCfg = Debug|Any CPU
		{A5220233-7460-4E79-AE5E-2C2DB02B1C4D}.Debug|Any CPU.Build.0 = Debug|Any CPU
		{A5220233-7460-4E79-AE5E-2C2DB02B1C4D}.Release|Any CPU.ActiveCfg = Release|Any CPU
		{A5220233-7460-4E79-AE5E-2C2DB02B1C4D}.Release|Any CPU.Build.0 = Release|Any CPU
	EndGlobalSection
	GlobalSection(SolutionProperties) = preSolution
		HideSolutionNode = FALSE
	EndGlobalSection
	GlobalSection(ExtensibilityGlobals) = postSolution
		SolutionGuid = {1E2E7854-B021-415F-9340-92DA9F57A086}
	EndGlobalSection
EndGlobal
