
Microsoft Visual Studio Solution File, Format Version 12.00
# Visual Studio Version 16
VisualStudioVersion = 16.0.31702.278
MinimumVisualStudioVersion = 10.0.40219.1
Project("{FAE04EC0-301F-11D3-BF4B-00C04F79EFBC}") = "CapaDatos", "CapaDatos\CapaDatos.csproj", "{83C4F499-E15F-462A-A8FD-8E0C58CA031B}"
EndProject
Project("{FAE04EC0-301F-11D3-BF4B-00C04F79EFBC}") = "CapaNegocio", "CapaNegocio\CapaNegocio.csproj", "{00268929-9524-4168-8821-30B73665E871}"
EndProject
Project("{FAE04EC0-301F-11D3-BF4B-00C04F79EFBC}") = "CapaPresentacion", "CapaPresentacion\CapaPresentacion.csproj", "{75A02CAE-8FA6-4ED1-902F-3E16DEA24CBC}"
EndProject
Global
	GlobalSection(SolutionConfigurationPlatforms) = preSolution
		Debug|Any CPU = Debug|Any CPU
		Release|Any CPU = Release|Any CPU
	EndGlobalSection
	GlobalSection(ProjectConfigurationPlatforms) = postSolution
		{83C4F499-E15F-462A-A8FD-8E0C58CA031B}.Debug|Any CPU.ActiveCfg = Debug|Any CPU
		{83C4F499-E15F-462A-A8FD-8E0C58CA031B}.Debug|Any CPU.Build.0 = Debug|Any CPU
		{83C4F499-E15F-462A-A8FD-8E0C58CA031B}.Release|Any CPU.ActiveCfg = Release|Any CPU
		{83C4F499-E15F-462A-A8FD-8E0C58CA031B}.Release|Any CPU.Build.0 = Release|Any CPU
		{00268929-9524-4168-8821-30B73665E871}.Debug|Any CPU.ActiveCfg = Debug|Any CPU
		{00268929-9524-4168-8821-30B73665E871}.Debug|Any CPU.Build.0 = Debug|Any CPU
		{00268929-9524-4168-8821-30B73665E871}.Release|Any CPU.ActiveCfg = Release|Any CPU
		{00268929-9524-4168-8821-30B73665E871}.Release|Any CPU.Build.0 = Release|Any CPU
		{75A02CAE-8FA6-4ED1-902F-3E16DEA24CBC}.Debug|Any CPU.ActiveCfg = Debug|Any CPU
		{75A02CAE-8FA6-4ED1-902F-3E16DEA24CBC}.Debug|Any CPU.Build.0 = Debug|Any CPU
		{75A02CAE-8FA6-4ED1-902F-3E16DEA24CBC}.Release|Any CPU.ActiveCfg = Release|Any CPU
		{75A02CAE-8FA6-4ED1-902F-3E16DEA24CBC}.Release|Any CPU.Build.0 = Release|Any CPU
	EndGlobalSection
	GlobalSection(SolutionProperties) = preSolution
		HideSolutionNode = FALSE
	EndGlobalSection
	GlobalSection(ExtensibilityGlobals) = postSolution
		SolutionGuid = {88919C39-AD82-4176-91A0-6D32F1CEC3DC}
	EndGlobalSection
EndGlobal
